
Microsoft Visual Studio Solution File, Format Version 12.00
# Visual Studio Version 17
VisualStudioVersion = 17.7.34031.279
MinimumVisualStudioVersion = 10.0.40219.1
Project("{FAE04EC0-301F-11D3-BF4B-00C04F79EFBC}") = "ProyectoCine", "ProyectoCine.csproj", "{2ECD72A2-C830-4ADF-ACB0-DB604532A719}"
EndProject
Global
	GlobalSection(SolutionConfigurationPlatforms) = preSolution
		Debug|Any CPU = Debug|Any CPU
		Release|Any CPU = Release|Any CPU
	EndGlobalSection
	GlobalSection(ProjectConfigurationPlatforms) = postSolution
		{2ECD72A2-C830-4ADF-ACB0-DB604532A719}.Debug|Any CPU.ActiveCfg = Debug|Any CPU
		{2ECD72A2-C830-4ADF-ACB0-DB604532A719}.Debug|Any CPU.Build.0 = Debug|Any CPU
		{2ECD72A2-C830-4ADF-ACB0-DB604532A719}.Release|Any CPU.ActiveCfg = Release|Any CPU
		{2ECD72A2-C830-4ADF-ACB0-DB604532A719}.Release|Any CPU.Build.0 = Release|Any CPU
	EndGlobalSection
	GlobalSection(SolutionProperties) = preSolution
		HideSolutionNode = FALSE
	EndGlobalSection
	GlobalSection(ExtensibilityGlobals) = postSolution
		SolutionGuid = {F25118EC-B7C9-44BF-987D-017B0866EF4F}
	EndGlobalSection
EndGlobal
