
Microsoft Visual Studio Solution File, Format Version 12.00
# Visual Studio Version 17
VisualStudioVersion = 17.7.34031.279
MinimumVisualStudioVersion = 10.0.40219.1
Project("{FAE04EC0-301F-11D3-BF4B-00C04F79EFBC}") = "Tema3-CalculadoraDinamica", "Tema3-CalculadoraDinamica\Tema3-CalculadoraDinamica.csproj", "{42CA37DE-67ED-4DAD-B059-C5143BBAEA23}"
EndProject
Global
	GlobalSection(SolutionConfigurationPlatforms) = preSolution
		Debug|Any CPU = Debug|Any CPU
		Release|Any CPU = Release|Any CPU
	EndGlobalSection
	GlobalSection(ProjectConfigurationPlatforms) = postSolution
		{42CA37DE-67ED-4DAD-B059-C5143BBAEA23}.Debug|Any CPU.ActiveCfg = Debug|Any CPU
		{42CA37DE-67ED-4DAD-B059-C5143BBAEA23}.Debug|Any CPU.Build.0 = Debug|Any CPU
		{42CA37DE-67ED-4DAD-B059-C5143BBAEA23}.Release|Any CPU.ActiveCfg = Release|Any CPU
		{42CA37DE-67ED-4DAD-B059-C5143BBAEA23}.Release|Any CPU.Build.0 = Release|Any CPU
	EndGlobalSection
	GlobalSection(SolutionProperties) = preSolution
		HideSolutionNode = FALSE
	EndGlobalSection
	GlobalSection(ExtensibilityGlobals) = postSolution
		SolutionGuid = {A6B1133E-2730-43F2-B9FF-A1F7112B57A8}
	EndGlobalSection
EndGlobal
