
Microsoft Visual Studio Solution File, Format Version 12.00
# Visual Studio Version 17
VisualStudioVersion = 17.7.34031.279
MinimumVisualStudioVersion = 10.0.40219.1
Project("{FAE04EC0-301F-11D3-BF4B-00C04F79EFBC}") = "Tema2-Opacidad", "Tema2-Opacidad\Tema2-Opacidad.csproj", "{1BBA8C30-4A8B-4B43-9CF9-19CE00E66D73}"
EndProject
Global
	GlobalSection(SolutionConfigurationPlatforms) = preSolution
		Debug|Any CPU = Debug|Any CPU
		Release|Any CPU = Release|Any CPU
	EndGlobalSection
	GlobalSection(ProjectConfigurationPlatforms) = postSolution
		{1BBA8C30-4A8B-4B43-9CF9-19CE00E66D73}.Debug|Any CPU.ActiveCfg = Debug|Any CPU
		{1BBA8C30-4A8B-4B43-9CF9-19CE00E66D73}.Debug|Any CPU.Build.0 = Debug|Any CPU
		{1BBA8C30-4A8B-4B43-9CF9-19CE00E66D73}.Release|Any CPU.ActiveCfg = Release|Any CPU
		{1BBA8C30-4A8B-4B43-9CF9-19CE00E66D73}.Release|Any CPU.Build.0 = Release|Any CPU
	EndGlobalSection
	GlobalSection(SolutionProperties) = preSolution
		HideSolutionNode = FALSE
	EndGlobalSection
	GlobalSection(ExtensibilityGlobals) = postSolution
		SolutionGuid = {DF694759-7564-4C0A-8566-DDB4096FEAA0}
	EndGlobalSection
EndGlobal
