
Microsoft Visual Studio Solution File, Format Version 12.00
# Visual Studio Version 17
VisualStudioVersion = 17.7.34031.279
MinimumVisualStudioVersion = 10.0.40219.1
Project("{FAE04EC0-301F-11D3-BF4B-00C04F79EFBC}") = "Tema3-Mosaico", "Tema3-Mosaico\Tema3-Mosaico.csproj", "{B67E93EA-B59F-4DE8-B2C5-8BE427A7CE62}"
EndProject
Global
	GlobalSection(SolutionConfigurationPlatforms) = preSolution
		Debug|Any CPU = Debug|Any CPU
		Release|Any CPU = Release|Any CPU
	EndGlobalSection
	GlobalSection(ProjectConfigurationPlatforms) = postSolution
		{B67E93EA-B59F-4DE8-B2C5-8BE427A7CE62}.Debug|Any CPU.ActiveCfg = Debug|Any CPU
		{B67E93EA-B59F-4DE8-B2C5-8BE427A7CE62}.Debug|Any CPU.Build.0 = Debug|Any CPU
		{B67E93EA-B59F-4DE8-B2C5-8BE427A7CE62}.Release|Any CPU.ActiveCfg = Release|Any CPU
		{B67E93EA-B59F-4DE8-B2C5-8BE427A7CE62}.Release|Any CPU.Build.0 = Release|Any CPU
	EndGlobalSection
	GlobalSection(SolutionProperties) = preSolution
		HideSolutionNode = FALSE
	EndGlobalSection
	GlobalSection(ExtensibilityGlobals) = postSolution
		SolutionGuid = {A23D3CD5-CFFF-4699-B8E9-6CF89D5471FC}
	EndGlobalSection
EndGlobal
