
Microsoft Visual Studio Solution File, Format Version 12.00
# Visual Studio Version 17
VisualStudioVersion = 17.7.34031.279
MinimumVisualStudioVersion = 10.0.40219.1
Project("{FAE04EC0-301F-11D3-BF4B-00C04F79EFBC}") = "Tema2-CalculadoraBasica", "Tema2-CalculadoraBasica\Tema2-CalculadoraBasica.csproj", "{15CC3EE8-A926-4942-9808-0EAF6BE5EF17}"
EndProject
Global
	GlobalSection(SolutionConfigurationPlatforms) = preSolution
		Debug|Any CPU = Debug|Any CPU
		Release|Any CPU = Release|Any CPU
	EndGlobalSection
	GlobalSection(ProjectConfigurationPlatforms) = postSolution
		{15CC3EE8-A926-4942-9808-0EAF6BE5EF17}.Debug|Any CPU.ActiveCfg = Debug|Any CPU
		{15CC3EE8-A926-4942-9808-0EAF6BE5EF17}.Debug|Any CPU.Build.0 = Debug|Any CPU
		{15CC3EE8-A926-4942-9808-0EAF6BE5EF17}.Release|Any CPU.ActiveCfg = Release|Any CPU
		{15CC3EE8-A926-4942-9808-0EAF6BE5EF17}.Release|Any CPU.Build.0 = Release|Any CPU
	EndGlobalSection
	GlobalSection(SolutionProperties) = preSolution
		HideSolutionNode = FALSE
	EndGlobalSection
	GlobalSection(ExtensibilityGlobals) = postSolution
		SolutionGuid = {E7B8CEB7-7AF4-4211-9C2E-062D1C411834}
	EndGlobalSection
EndGlobal
