
Microsoft Visual Studio Solution File, Format Version 12.00
# Visual Studio Version 17
VisualStudioVersion = 17.7.34031.279
MinimumVisualStudioVersion = 10.0.40219.1
Project("{FAE04EC0-301F-11D3-BF4B-00C04F79EFBC}") = "Superheroes", "Superheroes\Superheroes.csproj", "{D6399BE2-CC03-457C-A1AE-1471CD211DCE}"
EndProject
Global
	GlobalSection(SolutionConfigurationPlatforms) = preSolution
		Debug|Any CPU = Debug|Any CPU
		Release|Any CPU = Release|Any CPU
	EndGlobalSection
	GlobalSection(ProjectConfigurationPlatforms) = postSolution
		{D6399BE2-CC03-457C-A1AE-1471CD211DCE}.Debug|Any CPU.ActiveCfg = Debug|Any CPU
		{D6399BE2-CC03-457C-A1AE-1471CD211DCE}.Debug|Any CPU.Build.0 = Debug|Any CPU
		{D6399BE2-CC03-457C-A1AE-1471CD211DCE}.Release|Any CPU.ActiveCfg = Release|Any CPU
		{D6399BE2-CC03-457C-A1AE-1471CD211DCE}.Release|Any CPU.Build.0 = Release|Any CPU
	EndGlobalSection
	GlobalSection(SolutionProperties) = preSolution
		HideSolutionNode = FALSE
	EndGlobalSection
	GlobalSection(ExtensibilityGlobals) = postSolution
		SolutionGuid = {C09F3A36-3C23-42AC-A2AA-7C3F6B30845D}
	EndGlobalSection
EndGlobal
