
Microsoft Visual Studio Solution File, Format Version 12.00
# Visual Studio Version 17
VisualStudioVersion = 17.7.34031.279
MinimumVisualStudioVersion = 10.0.40219.1
Project("{FAE04EC0-301F-11D3-BF4B-00C04F79EFBC}") = "Tema3-VisorImagenes", "Tema3-VisorImagenes\Tema3-VisorImagenes.csproj", "{D24627A1-8670-43C4-AEBE-73BEBDE8347A}"
EndProject
Global
	GlobalSection(SolutionConfigurationPlatforms) = preSolution
		Debug|Any CPU = Debug|Any CPU
		Release|Any CPU = Release|Any CPU
	EndGlobalSection
	GlobalSection(ProjectConfigurationPlatforms) = postSolution
		{D24627A1-8670-43C4-AEBE-73BEBDE8347A}.Debug|Any CPU.ActiveCfg = Debug|Any CPU
		{D24627A1-8670-43C4-AEBE-73BEBDE8347A}.Debug|Any CPU.Build.0 = Debug|Any CPU
		{D24627A1-8670-43C4-AEBE-73BEBDE8347A}.Release|Any CPU.ActiveCfg = Release|Any CPU
		{D24627A1-8670-43C4-AEBE-73BEBDE8347A}.Release|Any CPU.Build.0 = Release|Any CPU
	EndGlobalSection
	GlobalSection(SolutionProperties) = preSolution
		HideSolutionNode = FALSE
	EndGlobalSection
	GlobalSection(ExtensibilityGlobals) = postSolution
		SolutionGuid = {053BE50B-39DF-4A81-BF1F-D6835D1895F7}
	EndGlobalSection
EndGlobal
