
Microsoft Visual Studio Solution File, Format Version 12.00
# Visual Studio Version 17
VisualStudioVersion = 17.7.34031.279
MinimumVisualStudioVersion = 10.0.40219.1
Project("{FAE04EC0-301F-11D3-BF4B-00C04F79EFBC}") = "Tema3-Formulario", "Tema3-Formulario\Tema3-Formulario.csproj", "{32C68369-3663-47D1-925D-5C2961357E3D}"
EndProject
Global
	GlobalSection(SolutionConfigurationPlatforms) = preSolution
		Debug|Any CPU = Debug|Any CPU
		Release|Any CPU = Release|Any CPU
	EndGlobalSection
	GlobalSection(ProjectConfigurationPlatforms) = postSolution
		{32C68369-3663-47D1-925D-5C2961357E3D}.Debug|Any CPU.ActiveCfg = Debug|Any CPU
		{32C68369-3663-47D1-925D-5C2961357E3D}.Debug|Any CPU.Build.0 = Debug|Any CPU
		{32C68369-3663-47D1-925D-5C2961357E3D}.Release|Any CPU.ActiveCfg = Release|Any CPU
		{32C68369-3663-47D1-925D-5C2961357E3D}.Release|Any CPU.Build.0 = Release|Any CPU
	EndGlobalSection
	GlobalSection(SolutionProperties) = preSolution
		HideSolutionNode = FALSE
	EndGlobalSection
	GlobalSection(ExtensibilityGlobals) = postSolution
		SolutionGuid = {4C09CA1F-2E98-4774-B47F-C63F11DFBB55}
	EndGlobalSection
EndGlobal
