
Microsoft Visual Studio Solution File, Format Version 12.00
# Visual Studio Version 17
VisualStudioVersion = 17.7.34031.279
MinimumVisualStudioVersion = 10.0.40219.1
Project("{FAE04EC0-301F-11D3-BF4B-00C04F79EFBC}") = "Tema2-AdivinaNumero", "Tema2-AdivinaNumero\Tema2-AdivinaNumero.csproj", "{DB43399C-11DD-4755-90C8-7349C36104F0}"
EndProject
Global
	GlobalSection(SolutionConfigurationPlatforms) = preSolution
		Debug|Any CPU = Debug|Any CPU
		Release|Any CPU = Release|Any CPU
	EndGlobalSection
	GlobalSection(ProjectConfigurationPlatforms) = postSolution
		{DB43399C-11DD-4755-90C8-7349C36104F0}.Debug|Any CPU.ActiveCfg = Debug|Any CPU
		{DB43399C-11DD-4755-90C8-7349C36104F0}.Debug|Any CPU.Build.0 = Debug|Any CPU
		{DB43399C-11DD-4755-90C8-7349C36104F0}.Release|Any CPU.ActiveCfg = Release|Any CPU
		{DB43399C-11DD-4755-90C8-7349C36104F0}.Release|Any CPU.Build.0 = Release|Any CPU
	EndGlobalSection
	GlobalSection(SolutionProperties) = preSolution
		HideSolutionNode = FALSE
	EndGlobalSection
	GlobalSection(ExtensibilityGlobals) = postSolution
		SolutionGuid = {4C21280D-4A56-4DF0-9C5E-BE736A8264EB}
	EndGlobalSection
EndGlobal
