
Microsoft Visual Studio Solution File, Format Version 12.00
# Visual Studio Version 17
VisualStudioVersion = 17.7.34031.279
MinimumVisualStudioVersion = 10.0.40219.1
Project("{FAE04EC0-301F-11D3-BF4B-00C04F79EFBC}") = "Tema2-TamanyoTexto", "Tema2-TamanyoTexto\Tema2-TamanyoTexto.csproj", "{A0183A19-F2EA-42C3-BC2D-61F04FE05182}"
EndProject
Global
	GlobalSection(SolutionConfigurationPlatforms) = preSolution
		Debug|Any CPU = Debug|Any CPU
		Release|Any CPU = Release|Any CPU
	EndGlobalSection
	GlobalSection(ProjectConfigurationPlatforms) = postSolution
		{A0183A19-F2EA-42C3-BC2D-61F04FE05182}.Debug|Any CPU.ActiveCfg = Debug|Any CPU
		{A0183A19-F2EA-42C3-BC2D-61F04FE05182}.Debug|Any CPU.Build.0 = Debug|Any CPU
		{A0183A19-F2EA-42C3-BC2D-61F04FE05182}.Release|Any CPU.ActiveCfg = Release|Any CPU
		{A0183A19-F2EA-42C3-BC2D-61F04FE05182}.Release|Any CPU.Build.0 = Release|Any CPU
	EndGlobalSection
	GlobalSection(SolutionProperties) = preSolution
		HideSolutionNode = FALSE
	EndGlobalSection
	GlobalSection(ExtensibilityGlobals) = postSolution
		SolutionGuid = {826D1C4F-C7DC-4F8F-8EDB-6D57AFEFC485}
	EndGlobalSection
EndGlobal
